%{
  "gleam_stdlib": {:git, "https://github.com/gleam-lang/stdlib.git", "f88c132f3407f85a4580968d149c0f53a50d06b6", []},
  "mix_gleam": {:hex, :mix_gleam, "0.1.0", "a0cee5d30de865124a32ca6cd53b64c3e2ac57f12adf6e47b88fb673f47c716e", [:mix], [], "hexpm", "9ff518e6aab444c7f2e74038f9383020ef89810cf1f4402911f33b202ffd72e7"},
}
