%{
  "gleam_stdlib": {:hex, :gleam_stdlib, "0.9.0", "d1323850e8c1481d8d6661ee572dd54d5f0f1c2ccef208a0adebb72183b7b465", [:rebar3], [], "hexpm", "01cf1c5d9047121f1f88913448df3fe7f9016c6f7d98a9729219a06c4d88395d"},
  "mix_gleam": {:hex, :mix_gleam, "0.1.0", "a0cee5d30de865124a32ca6cd53b64c3e2ac57f12adf6e47b88fb673f47c716e", [:mix], [], "hexpm", "9ff518e6aab444c7f2e74038f9383020ef89810cf1f4402911f33b202ffd72e7"},
}
